
Microsoft Visual Studio Solution File, Format Version 12.00
# Visual Studio Version 16
VisualStudioVersion = 16.0.30517.126
MinimumVisualStudioVersion = 10.0.40219.1
Project("{9A19103F-16F7-4668-BE54-9A1E7A4F7556}") = "MyPortfolio", "MyPortfolio.csproj", "{5A378C55-2DAA-4C34-8B9E-F4AE58C90662}"
EndProject
Global
	GlobalSection(SolutionConfigurationPlatforms) = preSolution
		Debug|Any CPU = Debug|Any CPU
		Release|Any CPU = Release|Any CPU
	EndGlobalSection
	GlobalSection(ProjectConfigurationPlatforms) = postSolution
		{5A378C55-2DAA-4C34-8B9E-F4AE58C90662}.Debug|Any CPU.ActiveCfg = Debug|Any CPU
		{5A378C55-2DAA-4C34-8B9E-F4AE58C90662}.Debug|Any CPU.Build.0 = Debug|Any CPU
		{5A378C55-2DAA-4C34-8B9E-F4AE58C90662}.Release|Any CPU.ActiveCfg = Release|Any CPU
		{5A378C55-2DAA-4C34-8B9E-F4AE58C90662}.Release|Any CPU.Build.0 = Release|Any CPU
	EndGlobalSection
	GlobalSection(SolutionProperties) = preSolution
		HideSolutionNode = FALSE
	EndGlobalSection
	GlobalSection(ExtensibilityGlobals) = postSolution
		SolutionGuid = {D283B7D8-A76C-4EBD-AC50-C298AE30A9E9}
	EndGlobalSection
EndGlobal
